
Microsoft Visual Studio Solution File, Format Version 12.00
Project("{FAE04EC0-301F-11D3-BF4B-00C04F79EFBC}") = "MigrationDemo.App", "MigrationDemo.App\MigrationDemo.App.csproj", "{313E2228-FC41-463B-BFB8-B23BA6A2CC8D}"
EndProject
Project("{FAE04EC0-301F-11D3-BF4B-00C04F79EFBC}") = "MigrationDemo.DAL", "MigrationDemo.DAL\MigrationDemo.DAL.csproj", "{3AB15C30-6936-4BA1-A923-97FED9FA69B5}"
EndProject
Project("{FAE04EC0-301F-11D3-BF4B-00C04F79EFBC}") = "MigrationDemo.BL", "MigrationDemo.BL\MigrationDemo.BL.csproj", "{F8DFC7D7-E3B9-42AF-BE80-336234CF5927}"
EndProject
Global
	GlobalSection(SolutionConfigurationPlatforms) = preSolution
		Debug|Any CPU = Debug|Any CPU
		Release|Any CPU = Release|Any CPU
	EndGlobalSection
	GlobalSection(ProjectConfigurationPlatforms) = postSolution
		{313E2228-FC41-463B-BFB8-B23BA6A2CC8D}.Debug|Any CPU.ActiveCfg = Debug|Any CPU
		{313E2228-FC41-463B-BFB8-B23BA6A2CC8D}.Debug|Any CPU.Build.0 = Debug|Any CPU
		{313E2228-FC41-463B-BFB8-B23BA6A2CC8D}.Release|Any CPU.ActiveCfg = Release|Any CPU
		{313E2228-FC41-463B-BFB8-B23BA6A2CC8D}.Release|Any CPU.Build.0 = Release|Any CPU
		{3AB15C30-6936-4BA1-A923-97FED9FA69B5}.Debug|Any CPU.ActiveCfg = Debug|Any CPU
		{3AB15C30-6936-4BA1-A923-97FED9FA69B5}.Debug|Any CPU.Build.0 = Debug|Any CPU
		{3AB15C30-6936-4BA1-A923-97FED9FA69B5}.Release|Any CPU.ActiveCfg = Release|Any CPU
		{3AB15C30-6936-4BA1-A923-97FED9FA69B5}.Release|Any CPU.Build.0 = Release|Any CPU
		{F8DFC7D7-E3B9-42AF-BE80-336234CF5927}.Debug|Any CPU.ActiveCfg = Debug|Any CPU
		{F8DFC7D7-E3B9-42AF-BE80-336234CF5927}.Debug|Any CPU.Build.0 = Debug|Any CPU
		{F8DFC7D7-E3B9-42AF-BE80-336234CF5927}.Release|Any CPU.ActiveCfg = Release|Any CPU
		{F8DFC7D7-E3B9-42AF-BE80-336234CF5927}.Release|Any CPU.Build.0 = Release|Any CPU
	EndGlobalSection
EndGlobal
